
Microsoft Visual Studio Solution File, Format Version 12.00
# Visual Studio Version 16
VisualStudioVersion = 16.0.31702.278
MinimumVisualStudioVersion = 10.0.40219.1
Project("{FAE04EC0-301F-11D3-BF4B-00C04F79EFBC}") = "SocialNetwork", "SocialNetwork\SocialNetwork.csproj", "{36D7318D-813E-4F44-973E-54792840EEF3}"
EndProject
Global
	GlobalSection(SolutionConfigurationPlatforms) = preSolution
		Debug|Any CPU = Debug|Any CPU
		Release|Any CPU = Release|Any CPU
	EndGlobalSection
	GlobalSection(ProjectConfigurationPlatforms) = postSolution
		{36D7318D-813E-4F44-973E-54792840EEF3}.Debug|Any CPU.ActiveCfg = Debug|Any CPU
		{36D7318D-813E-4F44-973E-54792840EEF3}.Debug|Any CPU.Build.0 = Debug|Any CPU
		{36D7318D-813E-4F44-973E-54792840EEF3}.Release|Any CPU.ActiveCfg = Release|Any CPU
		{36D7318D-813E-4F44-973E-54792840EEF3}.Release|Any CPU.Build.0 = Release|Any CPU
	EndGlobalSection
	GlobalSection(SolutionProperties) = preSolution
		HideSolutionNode = FALSE
	EndGlobalSection
	GlobalSection(ExtensibilityGlobals) = postSolution
		SolutionGuid = {55C2D8B6-4491-4F47-9523-7F7AFE71EE52}
	EndGlobalSection
EndGlobal
